// !$*UTF8*$!
{
	archiveVersion = 1;
	classes = {
	};
	objectVersion = 50;
	objects = {

/* Begin PBXBuildFile section */
		562BCB414180F24208D17F3E /* Pods_SnsLogin.framework in Frameworks */ = {isa = PBXBuildFile; fileRef = A5C1D9C7104B758E742AD936 /* Pods_SnsLogin.framework */; };
		DF86B02F21BA50400007756F /* AppDelegate.swift in Sources */ = {isa = PBXBuildFile; fileRef = DF86B02E21BA50400007756F /* AppDelegate.swift */; };
		DF86B03121BA50400007756F /* ViewController.swift in Sources */ = {isa = PBXBuildFile; fileRef = DF86B03021BA50400007756F /* ViewController.swift */; };
		DF86B03621BA50400007756F /* Assets.xcassets in Resources */ = {isa = PBXBuildFile; fileRef = DF86B03521BA50400007756F /* Assets.xcassets */; };
		DF86B03921BA50400007756F /* LaunchScreen.storyboard in Resources */ = {isa = PBXBuildFile; fileRef = DF86B03721BA50400007756F /* LaunchScreen.storyboard */; };
		DFF5570A21BA6DA400A61A24 /* KakaoOpenSDK.framework in Frameworks */ = {isa = PBXBuildFile; fileRef = DFF5570921BA6DA400A61A24 /* KakaoOpenSDK.framework */; };
/* End PBXBuildFile section */

/* Begin PBXFileReference section */
		694D3DBEFAA5984634BFE67F /* Pods-SnsLogin.release.xcconfig */ = {isa = PBXFileReference; includeInIndex = 1; lastKnownFileType = text.xcconfig; name = "Pods-SnsLogin.release.xcconfig"; path = "Target Support Files/Pods-SnsLogin/Pods-SnsLogin.release.xcconfig"; sourceTree = "<group>"; };
		A0AD33EA29304DCEE8C49BAA /* Pods-SnsLogin.debug.xcconfig */ = {isa = PBXFileReference; includeInIndex = 1; lastKnownFileType = text.xcconfig; name = "Pods-SnsLogin.debug.xcconfig"; path = "Target Support Files/Pods-SnsLogin/Pods-SnsLogin.debug.xcconfig"; sourceTree = "<group>"; };
		A5C1D9C7104B758E742AD936 /* Pods_SnsLogin.framework */ = {isa = PBXFileReference; explicitFileType = wrapper.framework; includeInIndex = 0; path = Pods_SnsLogin.framework; sourceTree = BUILT_PRODUCTS_DIR; };
		DF86B02B21BA50400007756F /* SnsLogin.app */ = {isa = PBXFileReference; explicitFileType = wrapper.application; includeInIndex = 0; path = SnsLogin.app; sourceTree = BUILT_PRODUCTS_DIR; };
		DF86B02E21BA50400007756F /* AppDelegate.swift */ = {isa = PBXFileReference; lastKnownFileType = sourcecode.swift; path = AppDelegate.swift; sourceTree = "<group>"; };
		DF86B03021BA50400007756F /* ViewController.swift */ = {isa = PBXFileReference; lastKnownFileType = sourcecode.swift; path = ViewController.swift; sourceTree = "<group>"; };
		DF86B03521BA50400007756F /* Assets.xcassets */ = {isa = PBXFileReference; lastKnownFileType = folder.assetcatalog; path = Assets.xcassets; sourceTree = "<group>"; };
		DF86B03821BA50400007756F /* Base */ = {isa = PBXFileReference; lastKnownFileType = file.storyboard; name = Base; path = Base.lproj/LaunchScreen.storyboard; sourceTree = "<group>"; };
		DF86B03A21BA50400007756F /* Info.plist */ = {isa = PBXFileReference; lastKnownFileType = text.plist.xml; path = Info.plist; sourceTree = "<group>"; };
		DFF5570921BA6DA400A61A24 /* KakaoOpenSDK.framework */ = {isa = PBXFileReference; lastKnownFileType = wrapper.framework; path = KakaoOpenSDK.framework; sourceTree = "<group>"; };
		DFF5570C21BA6EC700A61A24 /* KakaoOpenSDK-Bridging-Header.h */ = {isa = PBXFileReference; lastKnownFileType = sourcecode.c.h; path = "KakaoOpenSDK-Bridging-Header.h"; sourceTree = "<group>"; };
/* End PBXFileReference section */

/* Begin PBXFrameworksBuildPhase section */
		DF86B02821BA50400007756F /* Frameworks */ = {
			isa = PBXFrameworksBuildPhase;
			buildActionMask = 2147483647;
			files = (
				DFF5570A21BA6DA400A61A24 /* KakaoOpenSDK.framework in Frameworks */,
				562BCB414180F24208D17F3E /* Pods_SnsLogin.framework in Frameworks */,
			);
			runOnlyForDeploymentPostprocessing = 0;
		};
/* End PBXFrameworksBuildPhase section */

/* Begin PBXGroup section */
		859FCACE2B45AA8E1C435B0C /* Pods */ = {
			isa = PBXGroup;
			children = (
				A0AD33EA29304DCEE8C49BAA /* Pods-SnsLogin.debug.xcconfig */,
				694D3DBEFAA5984634BFE67F /* Pods-SnsLogin.release.xcconfig */,
			);
			path = Pods;
			sourceTree = "<group>";
		};
		DF86B02221BA50400007756F = {
			isa = PBXGroup;
			children = (
				DF86B02D21BA50400007756F /* SnsLogin */,
				DF86B02C21BA50400007756F /* Products */,
				859FCACE2B45AA8E1C435B0C /* Pods */,
				E683869EBCC09D7CF87F26C5 /* Frameworks */,
			);
			sourceTree = "<group>";
		};
		DF86B02C21BA50400007756F /* Products */ = {
			isa = PBXGroup;
			children = (
				DF86B02B21BA50400007756F /* SnsLogin.app */,
			);
			name = Products;
			sourceTree = "<group>";
		};
		DF86B02D21BA50400007756F /* SnsLogin */ = {
			isa = PBXGroup;
			children = (
				DF86B02E21BA50400007756F /* AppDelegate.swift */,
				DF86B03021BA50400007756F /* ViewController.swift */,
				DF86B03521BA50400007756F /* Assets.xcassets */,
				DF86B03721BA50400007756F /* LaunchScreen.storyboard */,
				DF86B03A21BA50400007756F /* Info.plist */,
				DFF5570C21BA6EC700A61A24 /* KakaoOpenSDK-Bridging-Header.h */,
			);
			path = SnsLogin;
			sourceTree = "<group>";
		};
		E683869EBCC09D7CF87F26C5 /* Frameworks */ = {
			isa = PBXGroup;
			children = (
				DFF5570921BA6DA400A61A24 /* KakaoOpenSDK.framework */,
				A5C1D9C7104B758E742AD936 /* Pods_SnsLogin.framework */,
			);
			name = Frameworks;
			sourceTree = "<group>";
		};
/* End PBXGroup section */

/* Begin PBXNativeTarget section */
		DF86B02A21BA50400007756F /* SnsLogin */ = {
			isa = PBXNativeTarget;
			buildConfigurationList = DF86B03D21BA50400007756F /* Build configuration list for PBXNativeTarget "SnsLogin" */;
			buildPhases = (
				EEA0582B3DD10F04CD70D1B7 /* [CP] Check Pods Manifest.lock */,
				DF86B02721BA50400007756F /* Sources */,
				DF86B02821BA50400007756F /* Frameworks */,
				DF86B02921BA50400007756F /* Resources */,
				BBB9D20500320A03EB6D87F2 /* [CP] Embed Pods Frameworks */,
			);
			buildRules = (
			);
			dependencies = (
			);
			name = SnsLogin;
			productName = SnsLogin;
			productReference = DF86B02B21BA50400007756F /* SnsLogin.app */;
			productType = "com.apple.product-type.application";
		};
/* End PBXNativeTarget section */

/* Begin PBXProject section */
		DF86B02321BA50400007756F /* Project object */ = {
			isa = PBXProject;
			attributes = {
				LastSwiftUpdateCheck = 1010;
				LastUpgradeCheck = 1010;
				ORGANIZATIONNAME = GlobalHumanism;
				TargetAttributes = {
					DF86B02A21BA50400007756F = {
						CreatedOnToolsVersion = 10.1;
					};
				};
			};
			buildConfigurationList = DF86B02621BA50400007756F /* Build configuration list for PBXProject "SnsLogin" */;
			compatibilityVersion = "Xcode 9.3";
			developmentRegion = en;
			hasScannedForEncodings = 0;
			knownRegions = (
				en,
				Base,
			);
			mainGroup = DF86B02221BA50400007756F;
			productRefGroup = DF86B02C21BA50400007756F /* Products */;
			projectDirPath = "";
			projectRoot = "";
			targets = (
				DF86B02A21BA50400007756F /* SnsLogin */,
			);
		};
/* End PBXProject section */

/* Begin PBXResourcesBuildPhase section */
		DF86B02921BA50400007756F /* Resources */ = {
			isa = PBXResourcesBuildPhase;
			buildActionMask = 2147483647;
			files = (
				DF86B03921BA50400007756F /* LaunchScreen.storyboard in Resources */,
				DF86B03621BA50400007756F /* Assets.xcassets in Resources */,
			);
			runOnlyForDeploymentPostprocessing = 0;
		};
/* End PBXResourcesBuildPhase section */

/* Begin PBXShellScriptBuildPhase section */
		BBB9D20500320A03EB6D87F2 /* [CP] Embed Pods Frameworks */ = {
			isa = PBXShellScriptBuildPhase;
			buildActionMask = 2147483647;
			files = (
			);
			inputFileListPaths = (
			);
			inputPaths = (
				"${PODS_ROOT}/Target Support Files/Pods-SnsLogin/Pods-SnsLogin-frameworks.sh",
				"${BUILT_PRODUCTS_DIR}/SnapKit/SnapKit.framework",
				"${PODS_ROOT}/naveridlogin-sdk-ios/NaverThirdPartyLogin.framework",
			);
			name = "[CP] Embed Pods Frameworks";
			outputFileListPaths = (
			);
			outputPaths = (
				"${TARGET_BUILD_DIR}/${FRAMEWORKS_FOLDER_PATH}/SnapKit.framework",
				"${TARGET_BUILD_DIR}/${FRAMEWORKS_FOLDER_PATH}/NaverThirdPartyLogin.framework",
			);
			runOnlyForDeploymentPostprocessing = 0;
			shellPath = /bin/sh;
			shellScript = "\"${PODS_ROOT}/Target Support Files/Pods-SnsLogin/Pods-SnsLogin-frameworks.sh\"\n";
			showEnvVarsInLog = 0;
		};
		EEA0582B3DD10F04CD70D1B7 /* [CP] Check Pods Manifest.lock */ = {
			isa = PBXShellScriptBuildPhase;
			buildActionMask = 2147483647;
			files = (
			);
			inputFileListPaths = (
			);
			inputPaths = (
				"${PODS_PODFILE_DIR_PATH}/Podfile.lock",
				"${PODS_ROOT}/Manifest.lock",
			);
			name = "[CP] Check Pods Manifest.lock";
			outputFileListPaths = (
			);
			outputPaths = (
				"$(DERIVED_FILE_DIR)/Pods-SnsLogin-checkManifestLockResult.txt",
			);
			runOnlyForDeploymentPostprocessing = 0;
			shellPath = /bin/sh;
			shellScript = "diff \"${PODS_PODFILE_DIR_PATH}/Podfile.lock\" \"${PODS_ROOT}/Manifest.lock\" > /dev/null\nif [ $? != 0 ] ; then\n    # print error to STDERR\n    echo \"error: The sandbox is not in sync with the Podfile.lock. Run 'pod install' or update your CocoaPods installation.\" >&2\n    exit 1\nfi\n# This output is used by Xcode 'outputs' to avoid re-running this script phase.\necho \"SUCCESS\" > \"${SCRIPT_OUTPUT_FILE_0}\"\n";
			showEnvVarsInLog = 0;
		};
/* End PBXShellScriptBuildPhase section */

/* Begin PBXSourcesBuildPhase section */
		DF86B02721BA50400007756F /* Sources */ = {
			isa = PBXSourcesBuildPhase;
			buildActionMask = 2147483647;
			files = (
				DF86B03121BA50400007756F /* ViewController.swift in Sources */,
				DF86B02F21BA50400007756F /* AppDelegate.swift in Sources */,
			);
			runOnlyForDeploymentPostprocessing = 0;
		};
/* End PBXSourcesBuildPhase section */

/* Begin PBXVariantGroup section */
		DF86B03721BA50400007756F /* LaunchScreen.storyboard */ = {
			isa = PBXVariantGroup;
			children = (
				DF86B03821BA50400007756F /* Base */,
			);
			name = LaunchScreen.storyboard;
			sourceTree = "<group>";
		};
/* End PBXVariantGroup section */

/* Begin XCBuildConfiguration section */
		DF86B03B21BA50400007756F /* Debug */ = {
			isa = XCBuildConfiguration;
			buildSettings = {
				ALWAYS_SEARCH_USER_PATHS = NO;
				CLANG_ANALYZER_NONNULL = YES;
				CLANG_ANALYZER_NUMBER_OBJECT_CONVERSION = YES_AGGRESSIVE;
				CLANG_CXX_LANGUAGE_STANDARD = "gnu++14";
				CLANG_CXX_LIBRARY = "libc++";
				CLANG_ENABLE_MODULES = YES;
				CLANG_ENABLE_OBJC_ARC = YES;
				CLANG_ENABLE_OBJC_WEAK = YES;
				CLANG_WARN_BLOCK_CAPTURE_AUTORELEASING = YES;
				CLANG_WARN_BOOL_CONVERSION = YES;
				CLANG_WARN_COMMA = YES;
				CLANG_WARN_CONSTANT_CONVERSION = YES;
				CLANG_WARN_DEPRECATED_OBJC_IMPLEMENTATIONS = YES;
				CLANG_WARN_DIRECT_OBJC_ISA_USAGE = YES_ERROR;
				CLANG_WARN_DOCUMENTATION_COMMENTS = YES;
				CLANG_WARN_EMPTY_BODY = YES;
				CLANG_WARN_ENUM_CONVERSION = YES;
				CLANG_WARN_INFINITE_RECURSION = YES;
				CLANG_WARN_INT_CONVERSION = YES;
				CLANG_WARN_NON_LITERAL_NULL_CONVERSION = YES;
				CLANG_WARN_OBJC_IMPLICIT_RETAIN_SELF = YES;
				CLANG_WARN_OBJC_LITERAL_CONVERSION = YES;
				CLANG_WARN_OBJC_ROOT_CLASS = YES_ERROR;
				CLANG_WARN_RANGE_LOOP_ANALYSIS = YES;
				CLANG_WARN_STRICT_PROTOTYPES = YES;
				CLANG_WARN_SUSPICIOUS_MOVE = YES;
				CLANG_WARN_UNGUARDED_AVAILABILITY = YES_AGGRESSIVE;
				CLANG_WARN_UNREACHABLE_CODE = YES;
				CLANG_WARN__DUPLICATE_METHOD_MATCH = YES;
				CODE_SIGN_IDENTITY = "iPhone Developer";
				COPY_PHASE_STRIP = NO;
				DEBUG_INFORMATION_FORMAT = dwarf;
				ENABLE_STRICT_OBJC_MSGSEND = YES;
				ENABLE_TESTABILITY = YES;
				GCC_C_LANGUAGE_STANDARD = gnu11;
				GCC_DYNAMIC_NO_PIC = NO;
				GCC_NO_COMMON_BLOCKS = YES;
				GCC_OPTIMIZATION_LEVEL = 0;
				GCC_PREPROCESSOR_DEFINITIONS = (
					"DEBUG=1",
					"$(inherited)",
				);
				GCC_WARN_64_TO_32_BIT_CONVERSION = YES;
				GCC_WARN_ABOUT_RETURN_TYPE = YES_ERROR;
				GCC_WARN_UNDECLARED_SELECTOR = YES;
				GCC_WARN_UNINITIALIZED_AUTOS = YES_AGGRESSIVE;
				GCC_WARN_UNUSED_FUNCTION = YES;
				GCC_WARN_UNUSED_VARIABLE = YES;
				IPHONEOS_DEPLOYMENT_TARGET = 12.1;
				MTL_ENABLE_DEBUG_INFO = INCLUDE_SOURCE;
				MTL_FAST_MATH = YES;
				ONLY_ACTIVE_ARCH = YES;
				SDKROOT = iphoneos;
				SWIFT_ACTIVE_COMPILATION_CONDITIONS = DEBUG;
				SWIFT_OPTIMIZATION_LEVEL = "-Onone";
			};
			name = Debug;
		};
		DF86B03C21BA50400007756F /* Release */ = {
			isa = XCBuildConfiguration;
			buildSettings = {
				ALWAYS_SEARCH_USER_PATHS = NO;
				CLANG_ANALYZER_NONNULL = YES;
				CLANG_ANALYZER_NUMBER_OBJECT_CONVERSION = YES_AGGRESSIVE;
				CLANG_CXX_LANGUAGE_STANDARD = "gnu++14";
				CLANG_CXX_LIBRARY = "libc++";
				CLANG_ENABLE_MODULES = YES;
				CLANG_ENABLE_OBJC_ARC = YES;
				CLANG_ENABLE_OBJC_WEAK = YES;
				CLANG_WARN_BLOCK_CAPTURE_AUTORELEASING = YES;
				CLANG_WARN_BOOL_CONVERSION = YES;
				CLANG_WARN_COMMA = YES;
				CLANG_WARN_CONSTANT_CONVERSION = YES;
				CLANG_WARN_DEPRECATED_OBJC_IMPLEMENTATIONS = YES;
				CLANG_WARN_DIRECT_OBJC_ISA_USAGE = YES_ERROR;
				CLANG_WARN_DOCUMENTATION_COMMENTS = YES;
				CLANG_WARN_EMPTY_BODY = YES;
				CLANG_WARN_ENUM_CONVERSION = YES;
				CLANG_WARN_INFINITE_RECURSION = YES;
				CLANG_WARN_INT_CONVERSION = YES;
				CLANG_WARN_NON_LITERAL_NULL_CONVERSION = YES;
				CLANG_WARN_OBJC_IMPLICIT_RETAIN_SELF = YES;
				CLANG_WARN_OBJC_LITERAL_CONVERSION = YES;
				CLANG_WARN_OBJC_ROOT_CLASS = YES_ERROR;
				CLANG_WARN_RANGE_LOOP_ANALYSIS = YES;
				CLANG_WARN_STRICT_PROTOTYPES = YES;
				CLANG_WARN_SUSPICIOUS_MOVE = YES;
				CLANG_WARN_UNGUARDED_AVAILABILITY = YES_AGGRESSIVE;
				CLANG_WARN_UNREACHABLE_CODE = YES;
				CLANG_WARN__DUPLICATE_METHOD_MATCH = YES;
				CODE_SIGN_IDENTITY = "iPhone Developer";
				COPY_PHASE_STRIP = NO;
				DEBUG_INFORMATION_FORMAT = "dwarf-with-dsym";
				ENABLE_NS_ASSERTIONS = NO;
				ENABLE_STRICT_OBJC_MSGSEND = YES;
				GCC_C_LANGUAGE_STANDARD = gnu11;
				GCC_NO_COMMON_BLOCKS = YES;
				GCC_WARN_64_TO_32_BIT_CONVERSION = YES;
				GCC_WARN_ABOUT_RETURN_TYPE = YES_ERROR;
				GCC_WARN_UNDECLARED_SELECTOR = YES;
				GCC_WARN_UNINITIALIZED_AUTOS = YES_AGGRESSIVE;
				GCC_WARN_UNUSED_FUNCTION = YES;
				GCC_WARN_UNUSED_VARIABLE = YES;
				IPHONEOS_DEPLOYMENT_TARGET = 12.1;
				MTL_ENABLE_DEBUG_INFO = NO;
				MTL_FAST_MATH = YES;
				SDKROOT = iphoneos;
				SWIFT_COMPILATION_MODE = wholemodule;
				SWIFT_OPTIMIZATION_LEVEL = "-O";
				VALIDATE_PRODUCT = YES;
			};
			name = Release;
		};
		DF86B03E21BA50400007756F /* Debug */ = {
			isa = XCBuildConfiguration;
			baseConfigurationReference = A0AD33EA29304DCEE8C49BAA /* Pods-SnsLogin.debug.xcconfig */;
			buildSettings = {
				ASSETCATALOG_COMPILER_APPICON_NAME = AppIcon;
				CODE_SIGN_STYLE = Automatic;
				DEVELOPMENT_TEAM = 42U234FGMT;
				FRAMEWORK_SEARCH_PATHS = (
					"$(inherited)",
					"$(PROJECT_DIR)",
				);
				INFOPLIST_FILE = SnsLogin/Info.plist;
				IPHONEOS_DEPLOYMENT_TARGET = 10.0;
				LD_RUNPATH_SEARCH_PATHS = (
					"$(inherited)",
					"@executable_path/Frameworks",
				);
				OTHER_LDFLAGS = (
					"-all_load",
					"$(inherited)",
					"-framework",
					"\"CoreGraphics\"",
					"-framework",
					"\"Foundation\"",
					"-framework",
					"\"NaverThirdPartyLogin\"",
					"-framework",
					"\"QuartzCore\"",
					"-framework",
					"\"SafariServices\"",
					"-framework",
					"\"Security\"",
					"-framework",
					"\"SnapKit\"",
					"-framework",
					"\"SystemConfiguration\"",
					"-framework",
					"\"UIKit\"",
				);
				PRODUCT_BUNDLE_IDENTIFIER = GlobalHumanism.SnsLogin;
				PRODUCT_NAME = "$(TARGET_NAME)";
				SWIFT_OBJC_BRIDGING_HEADER = "SnsLogin/KakaoOpenSDK-Bridging-Header.h";
				SWIFT_VERSION = 4.2;
				TARGETED_DEVICE_FAMILY = "1,2";
			};
			name = Debug;
		};
		DF86B03F21BA50400007756F /* Release */ = {
			isa = XCBuildConfiguration;
			baseConfigurationReference = 694D3DBEFAA5984634BFE67F /* Pods-SnsLogin.release.xcconfig */;
			buildSettings = {
				ASSETCATALOG_COMPILER_APPICON_NAME = AppIcon;
				CODE_SIGN_STYLE = Automatic;
				DEVELOPMENT_TEAM = 42U234FGMT;
				FRAMEWORK_SEARCH_PATHS = (
					"$(inherited)",
					"$(PROJECT_DIR)",
				);
				INFOPLIST_FILE = SnsLogin/Info.plist;
				IPHONEOS_DEPLOYMENT_TARGET = 10.0;
				LD_RUNPATH_SEARCH_PATHS = (
					"$(inherited)",
					"@executable_path/Frameworks",
				);
				OTHER_LDFLAGS = (
					"-all_load",
					"$(inherited)",
					"-framework",
					"\"CoreGraphics\"",
					"-framework",
					"\"Foundation\"",
					"-framework",
					"\"NaverThirdPartyLogin\"",
					"-framework",
					"\"QuartzCore\"",
					"-framework",
					"\"SafariServices\"",
					"-framework",
					"\"Security\"",
					"-framework",
					"\"SnapKit\"",
					"-framework",
					"\"SystemConfiguration\"",
					"-framework",
					"\"UIKit\"",
				);
				PRODUCT_BUNDLE_IDENTIFIER = GlobalHumanism.SnsLogin;
				PRODUCT_NAME = "$(TARGET_NAME)";
				SWIFT_OBJC_BRIDGING_HEADER = "SnsLogin/KakaoOpenSDK-Bridging-Header.h";
				SWIFT_VERSION = 4.2;
				TARGETED_DEVICE_FAMILY = "1,2";
			};
			name = Release;
		};
/* End XCBuildConfiguration section */

/* Begin XCConfigurationList section */
		DF86B02621BA50400007756F /* Build configuration list for PBXProject "SnsLogin" */ = {
			isa = XCConfigurationList;
			buildConfigurations = (
				DF86B03B21BA50400007756F /* Debug */,
				DF86B03C21BA50400007756F /* Release */,
			);
			defaultConfigurationIsVisible = 0;
			defaultConfigurationName = Release;
		};
		DF86B03D21BA50400007756F /* Build configuration list for PBXNativeTarget "SnsLogin" */ = {
			isa = XCConfigurationList;
			buildConfigurations = (
				DF86B03E21BA50400007756F /* Debug */,
				DF86B03F21BA50400007756F /* Release */,
			);
			defaultConfigurationIsVisible = 0;
			defaultConfigurationName = Release;
		};
/* End XCConfigurationList section */
	};
	rootObject = DF86B02321BA50400007756F /* Project object */;
}
